
Microsoft Visual Studio Solution File, Format Version 12.00
# Visual Studio 14
VisualStudioVersion = 14.0.23107.0
MinimumVisualStudioVersion = 10.0.40219.1
Project("{FAE04EC0-301F-11D3-BF4B-00C04F79EFBC}") = "WebApplication1", "WebApplication1\WebApplication1.csproj", "{BAAC9BCC-97B1-4242-8949-E70AA6AC2175}"
EndProject
Project("{FAE04EC0-301F-11D3-BF4B-00C04F79EFBC}") = "WcfExamen", "WcfExamen\WcfExamen.csproj", "{50396178-8366-4878-BFFA-2CE79C1410A1}"
EndProject
Global
	GlobalSection(SolutionConfigurationPlatforms) = preSolution
		Debug|Any CPU = Debug|Any CPU
		Release|Any CPU = Release|Any CPU
	EndGlobalSection
	GlobalSection(ProjectConfigurationPlatforms) = postSolution
		{BAAC9BCC-97B1-4242-8949-E70AA6AC2175}.Debug|Any CPU.ActiveCfg = Debug|Any CPU
		{BAAC9BCC-97B1-4242-8949-E70AA6AC2175}.Debug|Any CPU.Build.0 = Debug|Any CPU
		{BAAC9BCC-97B1-4242-8949-E70AA6AC2175}.Release|Any CPU.ActiveCfg = Release|Any CPU
		{BAAC9BCC-97B1-4242-8949-E70AA6AC2175}.Release|Any CPU.Build.0 = Release|Any CPU
		{50396178-8366-4878-BFFA-2CE79C1410A1}.Debug|Any CPU.ActiveCfg = Debug|Any CPU
		{50396178-8366-4878-BFFA-2CE79C1410A1}.Debug|Any CPU.Build.0 = Debug|Any CPU
		{50396178-8366-4878-BFFA-2CE79C1410A1}.Release|Any CPU.ActiveCfg = Release|Any CPU
		{50396178-8366-4878-BFFA-2CE79C1410A1}.Release|Any CPU.Build.0 = Release|Any CPU
	EndGlobalSection
	GlobalSection(SolutionProperties) = preSolution
		HideSolutionNode = FALSE
	EndGlobalSection
EndGlobal
